
Microsoft Visual Studio Solution File, Format Version 12.00
# Visual Studio Version 17
VisualStudioVersion = 17.9.34728.123
MinimumVisualStudioVersion = 10.0.40219.1
Project("{FAE04EC0-301F-11D3-BF4B-00C04F79EFBC}") = "Silicon-AccountProvider", "Silicon-AccountProvider\Silicon-AccountProvider.csproj", "{A8A88253-9E2F-4872-9F47-6BB5A2EEE3EF}"
EndProject
Global
	GlobalSection(SolutionConfigurationPlatforms) = preSolution
		Debug|Any CPU = Debug|Any CPU
		Release|Any CPU = Release|Any CPU
	EndGlobalSection
	GlobalSection(ProjectConfigurationPlatforms) = postSolution
		{A8A88253-9E2F-4872-9F47-6BB5A2EEE3EF}.Debug|Any CPU.ActiveCfg = Debug|Any CPU
		{A8A88253-9E2F-4872-9F47-6BB5A2EEE3EF}.Debug|Any CPU.Build.0 = Debug|Any CPU
		{A8A88253-9E2F-4872-9F47-6BB5A2EEE3EF}.Release|Any CPU.ActiveCfg = Release|Any CPU
		{A8A88253-9E2F-4872-9F47-6BB5A2EEE3EF}.Release|Any CPU.Build.0 = Release|Any CPU
	EndGlobalSection
	GlobalSection(SolutionProperties) = preSolution
		HideSolutionNode = FALSE
	EndGlobalSection
	GlobalSection(ExtensibilityGlobals) = postSolution
		SolutionGuid = {6AFB3B98-D674-4A6C-B354-9258075F00EB}
	EndGlobalSection
EndGlobal
